
Microsoft Visual Studio Solution File, Format Version 12.00
# Visual Studio Version 16
VisualStudioVersion = 16.0.29613.14
MinimumVisualStudioVersion = 10.0.40219.1
Project("{FAE04EC0-301F-11D3-BF4B-00C04F79EFBC}") = "EasyPeasyConsoleApp", "EasyPeasyConsoleApp\EasyPeasyConsoleApp.csproj", "{6964DDAC-F8F6-4456-926B-AEC03862F22A}"
EndProject
Project("{FAE04EC0-301F-11D3-BF4B-00C04F79EFBC}") = "EasyPeasyDataModel", "EasyPeasyDataModel\EasyPeasyDataModel.csproj", "{32BB8AC9-6BE4-4CC9-935B-105DDA7D5388}"
EndProject
Project("{FAE04EC0-301F-11D3-BF4B-00C04F79EFBC}") = "EasyPeasySQLService", "EasyPeasySQLService\EasyPeasySQLService.csproj", "{75BC0407-F9E8-437E-834E-BA763021FFEF}"
EndProject
Project("{FAE04EC0-301F-11D3-BF4B-00C04F79EFBC}") = "EasyPeasyRepository", "EasyPeasyRepository\EasyPeasyRepository.csproj", "{70DE0FB9-CD45-4446-8ED8-806F4B5CE83D}"
EndProject
Project("{FAE04EC0-301F-11D3-BF4B-00C04F79EFBC}") = "EasyPeasyWebAssembly", "EasyPeasyWebAssembly\EasyPeasyWebAssembly.csproj", "{F34F881E-28E3-4676-B242-EDFCB70BFBF1}"
EndProject
Global
	GlobalSection(SolutionConfigurationPlatforms) = preSolution
		Debug|Any CPU = Debug|Any CPU
		Release|Any CPU = Release|Any CPU
	EndGlobalSection
	GlobalSection(ProjectConfigurationPlatforms) = postSolution
		{6964DDAC-F8F6-4456-926B-AEC03862F22A}.Debug|Any CPU.ActiveCfg = Debug|Any CPU
		{6964DDAC-F8F6-4456-926B-AEC03862F22A}.Debug|Any CPU.Build.0 = Debug|Any CPU
		{6964DDAC-F8F6-4456-926B-AEC03862F22A}.Release|Any CPU.ActiveCfg = Release|Any CPU
		{6964DDAC-F8F6-4456-926B-AEC03862F22A}.Release|Any CPU.Build.0 = Release|Any CPU
		{32BB8AC9-6BE4-4CC9-935B-105DDA7D5388}.Debug|Any CPU.ActiveCfg = Debug|Any CPU
		{32BB8AC9-6BE4-4CC9-935B-105DDA7D5388}.Debug|Any CPU.Build.0 = Debug|Any CPU
		{32BB8AC9-6BE4-4CC9-935B-105DDA7D5388}.Release|Any CPU.ActiveCfg = Release|Any CPU
		{32BB8AC9-6BE4-4CC9-935B-105DDA7D5388}.Release|Any CPU.Build.0 = Release|Any CPU
		{75BC0407-F9E8-437E-834E-BA763021FFEF}.Debug|Any CPU.ActiveCfg = Debug|Any CPU
		{75BC0407-F9E8-437E-834E-BA763021FFEF}.Debug|Any CPU.Build.0 = Debug|Any CPU
		{75BC0407-F9E8-437E-834E-BA763021FFEF}.Release|Any CPU.ActiveCfg = Release|Any CPU
		{75BC0407-F9E8-437E-834E-BA763021FFEF}.Release|Any CPU.Build.0 = Release|Any CPU
		{70DE0FB9-CD45-4446-8ED8-806F4B5CE83D}.Debug|Any CPU.ActiveCfg = Debug|Any CPU
		{70DE0FB9-CD45-4446-8ED8-806F4B5CE83D}.Debug|Any CPU.Build.0 = Debug|Any CPU
		{70DE0FB9-CD45-4446-8ED8-806F4B5CE83D}.Release|Any CPU.ActiveCfg = Release|Any CPU
		{70DE0FB9-CD45-4446-8ED8-806F4B5CE83D}.Release|Any CPU.Build.0 = Release|Any CPU
		{F34F881E-28E3-4676-B242-EDFCB70BFBF1}.Debug|Any CPU.ActiveCfg = Debug|Any CPU
		{F34F881E-28E3-4676-B242-EDFCB70BFBF1}.Debug|Any CPU.Build.0 = Debug|Any CPU
		{F34F881E-28E3-4676-B242-EDFCB70BFBF1}.Release|Any CPU.ActiveCfg = Release|Any CPU
		{F34F881E-28E3-4676-B242-EDFCB70BFBF1}.Release|Any CPU.Build.0 = Release|Any CPU
	EndGlobalSection
	GlobalSection(SolutionProperties) = preSolution
		HideSolutionNode = FALSE
	EndGlobalSection
	GlobalSection(ExtensibilityGlobals) = postSolution
		SolutionGuid = {592E58C8-BC48-4FB5-9FCF-3AA1C01AD035}
	EndGlobalSection
EndGlobal
